
Microsoft Visual Studio Solution File, Format Version 12.00
# Visual Studio Version 17
VisualStudioVersion = 17.4.33020.496
MinimumVisualStudioVersion = 10.0.40219.1
Project("{9A19103F-16F7-4668-BE54-9A1E7A4F7556}") = "CinemaService", "ChatService\CinemaService.csproj", "{514277AC-3620-42F6-A07D-9E3635D4184A}"
EndProject
Global
	GlobalSection(SolutionConfigurationPlatforms) = preSolution
		Debug|Any CPU = Debug|Any CPU
		Release|Any CPU = Release|Any CPU
	EndGlobalSection
	GlobalSection(ProjectConfigurationPlatforms) = postSolution
		{514277AC-3620-42F6-A07D-9E3635D4184A}.Debug|Any CPU.ActiveCfg = Debug|Any CPU
		{514277AC-3620-42F6-A07D-9E3635D4184A}.Debug|Any CPU.Build.0 = Debug|Any CPU
		{514277AC-3620-42F6-A07D-9E3635D4184A}.Release|Any CPU.ActiveCfg = Release|Any CPU
		{514277AC-3620-42F6-A07D-9E3635D4184A}.Release|Any CPU.Build.0 = Release|Any CPU
	EndGlobalSection
	GlobalSection(SolutionProperties) = preSolution
		HideSolutionNode = FALSE
	EndGlobalSection
	GlobalSection(ExtensibilityGlobals) = postSolution
		SolutionGuid = {2F68EB1C-43ED-483B-8049-D9D237E728D2}
	EndGlobalSection
EndGlobal
